
Microsoft Visual Studio Solution File, Format Version 12.00
# Visual Studio Version 17
VisualStudioVersion = 17.5.33627.172
MinimumVisualStudioVersion = 10.0.40219.1
Project("{FAE04EC0-301F-11D3-BF4B-00C04F79EFBC}") = "PrismRegions", "PrismRegions\PrismRegions.csproj", "{0E3E7DA2-7D7A-4681-850D-F5670FE006C3}"
EndProject
Project("{FAE04EC0-301F-11D3-BF4B-00C04F79EFBC}") = "ModuleA", "ModuleA\ModuleA.csproj", "{A503B6B8-90F3-411C-929B-5614BE9AFFDF}"
EndProject
Global
	GlobalSection(SolutionConfigurationPlatforms) = preSolution
		Debug|Any CPU = Debug|Any CPU
		Release|Any CPU = Release|Any CPU
	EndGlobalSection
	GlobalSection(ProjectConfigurationPlatforms) = postSolution
		{0E3E7DA2-7D7A-4681-850D-F5670FE006C3}.Debug|Any CPU.ActiveCfg = Debug|Any CPU
		{0E3E7DA2-7D7A-4681-850D-F5670FE006C3}.Debug|Any CPU.Build.0 = Debug|Any CPU
		{0E3E7DA2-7D7A-4681-850D-F5670FE006C3}.Release|Any CPU.ActiveCfg = Release|Any CPU
		{0E3E7DA2-7D7A-4681-850D-F5670FE006C3}.Release|Any CPU.Build.0 = Release|Any CPU
		{A503B6B8-90F3-411C-929B-5614BE9AFFDF}.Debug|Any CPU.ActiveCfg = Debug|Any CPU
		{A503B6B8-90F3-411C-929B-5614BE9AFFDF}.Debug|Any CPU.Build.0 = Debug|Any CPU
		{A503B6B8-90F3-411C-929B-5614BE9AFFDF}.Release|Any CPU.ActiveCfg = Release|Any CPU
		{A503B6B8-90F3-411C-929B-5614BE9AFFDF}.Release|Any CPU.Build.0 = Release|Any CPU
	EndGlobalSection
	GlobalSection(SolutionProperties) = preSolution
		HideSolutionNode = FALSE
	EndGlobalSection
	GlobalSection(ExtensibilityGlobals) = postSolution
		SolutionGuid = {9EAADED6-CF20-4223-A31B-A8441A22324C}
	EndGlobalSection
EndGlobal
